{
  "name": "llewellyn12138.github.io",
  "lockfileVersion": 3,
  "requires": true,
  "packages": {
    "": {
      "dependencies": {
        "artplayer": "^5.0.9"
      }
    },
    "node_modules/artplayer": {
      "version": "5.0.9",
      "resolved": "https://registry.npmjs.org/artplayer/-/artplayer-5.0.9.tgz",
      "integrity": "sha512-IM/DShYdmKFEA9jl08LYbTK2Jfz9s7qIjEH0xWjnxvVArUKZZKcoqwr6i54U0c4grtc/Uvb4wtCd78kvtSVlgw==",
      "dependencies": {
        "option-validator": "^2.0.6"
      }
    },
    "node_modules/kind-of": {
      "version": "6.0.3",
      "resolved": "https://registry.npmjs.org/kind-of/-/kind-of-6.0.3.tgz",
      "integrity": "sha512-dcS1ul+9tmeD95T+x28/ehLgd9mENa3LsvDTtzm3vyBEO7RPptvAD+t44WVXaUjTBRcrpFeFlC8WCruUR456hw==",
      "engines": {
        "node": ">=0.10.0"
      }
    },
    "node_modules/option-validator": {
      "version": "2.0.6",
      "resolved": "https://registry.npmjs.org/option-validator/-/option-validator-2.0.6.tgz",
      "integrity": "sha512-tmZDan2LRIRQyhUGvkff68/O0R8UmF+Btmiiz0SmSw2ng3CfPZB9wJlIjHpe/MKUZqyIZkVIXCrwr1tIN+0Dzg==",
      "dependencies": {
        "kind-of": "^6.0.3"
      }
    }
  }
}
